
Microsoft Visual Studio Solution File, Format Version 12.00
# Visual Studio Version 17
VisualStudioVersion = 17.4.33213.308
MinimumVisualStudioVersion = 10.0.40219.1
Project("{FAE04EC0-301F-11D3-BF4B-00C04F79EFBC}") = "Ostomachion.BlazorWebComponents", "src\Ostomachion.BlazorWebComponents\Ostomachion.BlazorWebComponents.csproj", "{37CBD47E-B03D-445C-824C-5DC4FE1AB473}"
EndProject
Global
	GlobalSection(SolutionConfigurationPlatforms) = preSolution
		Debug|Any CPU = Debug|Any CPU
		Release|Any CPU = Release|Any CPU
	EndGlobalSection
	GlobalSection(ProjectConfigurationPlatforms) = postSolution
		{37CBD47E-B03D-445C-824C-5DC4FE1AB473}.Debug|Any CPU.ActiveCfg = Debug|Any CPU
		{37CBD47E-B03D-445C-824C-5DC4FE1AB473}.Debug|Any CPU.Build.0 = Debug|Any CPU
		{37CBD47E-B03D-445C-824C-5DC4FE1AB473}.Release|Any CPU.ActiveCfg = Release|Any CPU
		{37CBD47E-B03D-445C-824C-5DC4FE1AB473}.Release|Any CPU.Build.0 = Release|Any CPU
	EndGlobalSection
	GlobalSection(SolutionProperties) = preSolution
		HideSolutionNode = FALSE
	EndGlobalSection
	GlobalSection(ExtensibilityGlobals) = postSolution
		SolutionGuid = {F2CA34C1-472D-4F5C-A14C-980FD5BD8FDD}
	EndGlobalSection
EndGlobal
