
Microsoft Visual Studio Solution File, Format Version 12.00
# Visual Studio Version 17
VisualStudioVersion = 17.4.33213.308
MinimumVisualStudioVersion = 10.0.40219.1
Project("{9A19103F-16F7-4668-BE54-9A1E7A4F7556}") = "Ostomachion.Blazor.WebComponents", "src\Ostomachion.Blazor.WebComponents\Ostomachion.Blazor.WebComponents.csproj", "{37CBD47E-B03D-445C-824C-5DC4FE1AB473}"
EndProject
Project("{9A19103F-16F7-4668-BE54-9A1E7A4F7556}") = "Ostomachion.Blazor.WebComponents.Demo", "demo\Ostomachion.Blazor.WebComponents.Demo\Ostomachion.Blazor.WebComponents.Demo.csproj", "{7E520718-EB8B-47B8-97B5-F7B1B2127667}"
EndProject
Project("{9A19103F-16F7-4668-BE54-9A1E7A4F7556}") = "Ostomachion.Blazor.WebComponents.Generators", "src\Ostomachion.Blazor.WebComponents.Generators\Ostomachion.Blazor.WebComponents.Generators.csproj", "{2C34B7B4-248F-47A2-84C1-2FF4118C5E08}"
EndProject
Global
	GlobalSection(SolutionConfigurationPlatforms) = preSolution
		Debug|Any CPU = Debug|Any CPU
		Release|Any CPU = Release|Any CPU
	EndGlobalSection
	GlobalSection(ProjectConfigurationPlatforms) = postSolution
		{37CBD47E-B03D-445C-824C-5DC4FE1AB473}.Debug|Any CPU.ActiveCfg = Debug|Any CPU
		{37CBD47E-B03D-445C-824C-5DC4FE1AB473}.Debug|Any CPU.Build.0 = Debug|Any CPU
		{37CBD47E-B03D-445C-824C-5DC4FE1AB473}.Release|Any CPU.ActiveCfg = Release|Any CPU
		{37CBD47E-B03D-445C-824C-5DC4FE1AB473}.Release|Any CPU.Build.0 = Release|Any CPU
		{7E520718-EB8B-47B8-97B5-F7B1B2127667}.Debug|Any CPU.ActiveCfg = Debug|Any CPU
		{7E520718-EB8B-47B8-97B5-F7B1B2127667}.Debug|Any CPU.Build.0 = Debug|Any CPU
		{7E520718-EB8B-47B8-97B5-F7B1B2127667}.Release|Any CPU.ActiveCfg = Release|Any CPU
		{7E520718-EB8B-47B8-97B5-F7B1B2127667}.Release|Any CPU.Build.0 = Release|Any CPU
		{2C34B7B4-248F-47A2-84C1-2FF4118C5E08}.Debug|Any CPU.ActiveCfg = Debug|Any CPU
		{2C34B7B4-248F-47A2-84C1-2FF4118C5E08}.Debug|Any CPU.Build.0 = Debug|Any CPU
		{2C34B7B4-248F-47A2-84C1-2FF4118C5E08}.Release|Any CPU.ActiveCfg = Release|Any CPU
		{2C34B7B4-248F-47A2-84C1-2FF4118C5E08}.Release|Any CPU.Build.0 = Release|Any CPU
	EndGlobalSection
	GlobalSection(SolutionProperties) = preSolution
		HideSolutionNode = FALSE
	EndGlobalSection
	GlobalSection(ExtensibilityGlobals) = postSolution
		SolutionGuid = {F2CA34C1-472D-4F5C-A14C-980FD5BD8FDD}
	EndGlobalSection
EndGlobal
